
Microsoft Visual Studio Solution File, Format Version 12.00
# Visual Studio Version 16
VisualStudioVersion = 16.0.29709.97
MinimumVisualStudioVersion = 10.0.40219.1
Project("{8BC9CEB8-8B4A-11D0-8D11-00A0C91BC942}") = "SSLclient", "SSLclient\SSLclient.vcxproj", "{FFDE7E26-09B1-4C4F-B24E-52C6B19D6384}"
EndProject
Global
	GlobalSection(SolutionConfigurationPlatforms) = preSolution
		Debug|x64 = Debug|x64
		Debug|x86 = Debug|x86
		Release|x64 = Release|x64
		Release|x86 = Release|x86
	EndGlobalSection
	GlobalSection(ProjectConfigurationPlatforms) = postSolution
		{FFDE7E26-09B1-4C4F-B24E-52C6B19D6384}.Debug|x64.ActiveCfg = Debug|x64
		{FFDE7E26-09B1-4C4F-B24E-52C6B19D6384}.Debug|x64.Build.0 = Debug|x64
		{FFDE7E26-09B1-4C4F-B24E-52C6B19D6384}.Debug|x86.ActiveCfg = Debug|Win32
		{FFDE7E26-09B1-4C4F-B24E-52C6B19D6384}.Debug|x86.Build.0 = Debug|Win32
		{FFDE7E26-09B1-4C4F-B24E-52C6B19D6384}.Release|x64.ActiveCfg = Release|x64
		{FFDE7E26-09B1-4C4F-B24E-52C6B19D6384}.Release|x64.Build.0 = Release|x64
		{FFDE7E26-09B1-4C4F-B24E-52C6B19D6384}.Release|x86.ActiveCfg = Release|Win32
		{FFDE7E26-09B1-4C4F-B24E-52C6B19D6384}.Release|x86.Build.0 = Release|Win32
	EndGlobalSection
	GlobalSection(SolutionProperties) = preSolution
		HideSolutionNode = FALSE
	EndGlobalSection
	GlobalSection(ExtensibilityGlobals) = postSolution
		SolutionGuid = {603307F0-72C8-476F-B91B-D3EB08A5BA89}
	EndGlobalSection
EndGlobal
